// !$*UTF8*$!
{
	archiveVersion = 1;
	classes = {
	};
	objectVersion = 55;
	objects = {

/* Begin PBXBuildFile section */
		6EB6EA84280A1A7600A1CE58 /* Localizable.strings in Resources */ = {isa = PBXBuildFile; fileRef = 6EB6EA86280A1A7600A1CE58 /* Localizable.strings */; };
		6EFD76312809E1C9004676B6 /* ProductInfoCellViewModel.swift in Sources */ = {isa = PBXBuildFile; fileRef = 6EFD761A2809E1C9004676B6 /* ProductInfoCellViewModel.swift */; };
		6EFD76322809E1C9004676B6 /* ProductInfoCell.swift in Sources */ = {isa = PBXBuildFile; fileRef = 6EFD761B2809E1C9004676B6 /* ProductInfoCell.swift */; };
		6EFD76332809E1C9004676B6 /* MainViewController.swift in Sources */ = {isa = PBXBuildFile; fileRef = 6EFD761C2809E1C9004676B6 /* MainViewController.swift */; };
		6EFD76342809E1C9004676B6 /* MainViewModel.swift in Sources */ = {isa = PBXBuildFile; fileRef = 6EFD761D2809E1C9004676B6 /* MainViewModel.swift */; };
		6EFD76352809E1C9004676B6 /* MainView.swift in Sources */ = {isa = PBXBuildFile; fileRef = 6EFD761E2809E1C9004676B6 /* MainView.swift */; };
		6EFD76362809E1C9004676B6 /* ApiService.swift in Sources */ = {isa = PBXBuildFile; fileRef = 6EFD76202809E1C9004676B6 /* ApiService.swift */; };
		6EFD76372809E1C9004676B6 /* RequestHelpEnums.swift in Sources */ = {isa = PBXBuildFile; fileRef = 6EFD76212809E1C9004676B6 /* RequestHelpEnums.swift */; };
		6EFD76382809E1C9004676B6 /* Products.swift in Sources */ = {isa = PBXBuildFile; fileRef = 6EFD76232809E1C9004676B6 /* Products.swift */; };
		6EFD76392809E1C9004676B6 /* HTTPClient.swift in Sources */ = {isa = PBXBuildFile; fileRef = 6EFD76242809E1C9004676B6 /* HTTPClient.swift */; };
		6EFD763A2809E1C9004676B6 /* ApiEndpoint.swift in Sources */ = {isa = PBXBuildFile; fileRef = 6EFD76252809E1C9004676B6 /* ApiEndpoint.swift */; };
		6EFD763B2809E1C9004676B6 /* Endpoint.swift in Sources */ = {isa = PBXBuildFile; fileRef = 6EFD76262809E1C9004676B6 /* Endpoint.swift */; };
		6EFD763C2809E1C9004676B6 /* Anchor+Extension.swift in Sources */ = {isa = PBXBuildFile; fileRef = 6EFD76282809E1C9004676B6 /* Anchor+Extension.swift */; };
		6EFD763D2809E1C9004676B6 /* ImageLoader.swift in Sources */ = {isa = PBXBuildFile; fileRef = 6EFD76292809E1C9004676B6 /* ImageLoader.swift */; };
		6EFD763E2809E1C9004676B6 /* Assets.xcassets in Resources */ = {isa = PBXBuildFile; fileRef = 6EFD762A2809E1C9004676B6 /* Assets.xcassets */; };
		6EFD763F2809E1C9004676B6 /* LaunchScreen.storyboard in Resources */ = {isa = PBXBuildFile; fileRef = 6EFD762B2809E1C9004676B6 /* LaunchScreen.storyboard */; };
		6EFD76402809E1C9004676B6 /* AppDelegate.swift in Sources */ = {isa = PBXBuildFile; fileRef = 6EFD762D2809E1C9004676B6 /* AppDelegate.swift */; };
		6EFD76412809E1C9004676B6 /* Loadable.swift in Sources */ = {isa = PBXBuildFile; fileRef = 6EFD762E2809E1C9004676B6 /* Loadable.swift */; };
		6EFD76432809E1C9004676B6 /* SceneDelegate.swift in Sources */ = {isa = PBXBuildFile; fileRef = 6EFD76302809E1C9004676B6 /* SceneDelegate.swift */; };
/* End PBXBuildFile section */

/* Begin PBXFileReference section */
		6EB6EA85280A1A7600A1CE58 /* en */ = {isa = PBXFileReference; lastKnownFileType = text.plist.strings; name = en; path = en.lproj/Localizable.strings; sourceTree = "<group>"; };
		6EB6EA87280A1A8400A1CE58 /* pl */ = {isa = PBXFileReference; lastKnownFileType = text.plist.strings; name = pl; path = pl.lproj/Localizable.strings; sourceTree = "<group>"; };
		6EFD75D32809DFBF004676B6 /* TangoTestApp.app */ = {isa = PBXFileReference; explicitFileType = wrapper.application; includeInIndex = 0; path = TangoTestApp.app; sourceTree = BUILT_PRODUCTS_DIR; };
		6EFD75E42809DFC1004676B6 /* Info.plist */ = {isa = PBXFileReference; lastKnownFileType = text.plist.xml; path = Info.plist; sourceTree = "<group>"; };
		6EFD761A2809E1C9004676B6 /* ProductInfoCellViewModel.swift */ = {isa = PBXFileReference; fileEncoding = 4; lastKnownFileType = sourcecode.swift; path = ProductInfoCellViewModel.swift; sourceTree = "<group>"; };
		6EFD761B2809E1C9004676B6 /* ProductInfoCell.swift */ = {isa = PBXFileReference; fileEncoding = 4; lastKnownFileType = sourcecode.swift; path = ProductInfoCell.swift; sourceTree = "<group>"; };
		6EFD761C2809E1C9004676B6 /* MainViewController.swift */ = {isa = PBXFileReference; fileEncoding = 4; lastKnownFileType = sourcecode.swift; path = MainViewController.swift; sourceTree = "<group>"; };
		6EFD761D2809E1C9004676B6 /* MainViewModel.swift */ = {isa = PBXFileReference; fileEncoding = 4; lastKnownFileType = sourcecode.swift; path = MainViewModel.swift; sourceTree = "<group>"; };
		6EFD761E2809E1C9004676B6 /* MainView.swift */ = {isa = PBXFileReference; fileEncoding = 4; lastKnownFileType = sourcecode.swift; path = MainView.swift; sourceTree = "<group>"; };
		6EFD76202809E1C9004676B6 /* ApiService.swift */ = {isa = PBXFileReference; fileEncoding = 4; lastKnownFileType = sourcecode.swift; path = ApiService.swift; sourceTree = "<group>"; };
		6EFD76212809E1C9004676B6 /* RequestHelpEnums.swift */ = {isa = PBXFileReference; fileEncoding = 4; lastKnownFileType = sourcecode.swift; path = RequestHelpEnums.swift; sourceTree = "<group>"; };
		6EFD76232809E1C9004676B6 /* Products.swift */ = {isa = PBXFileReference; fileEncoding = 4; lastKnownFileType = sourcecode.swift; path = Products.swift; sourceTree = "<group>"; };
		6EFD76242809E1C9004676B6 /* HTTPClient.swift */ = {isa = PBXFileReference; fileEncoding = 4; lastKnownFileType = sourcecode.swift; path = HTTPClient.swift; sourceTree = "<group>"; };
		6EFD76252809E1C9004676B6 /* ApiEndpoint.swift */ = {isa = PBXFileReference; fileEncoding = 4; lastKnownFileType = sourcecode.swift; path = ApiEndpoint.swift; sourceTree = "<group>"; };
		6EFD76262809E1C9004676B6 /* Endpoint.swift */ = {isa = PBXFileReference; fileEncoding = 4; lastKnownFileType = sourcecode.swift; path = Endpoint.swift; sourceTree = "<group>"; };
		6EFD76282809E1C9004676B6 /* Anchor+Extension.swift */ = {isa = PBXFileReference; fileEncoding = 4; lastKnownFileType = sourcecode.swift; path = "Anchor+Extension.swift"; sourceTree = "<group>"; };
		6EFD76292809E1C9004676B6 /* ImageLoader.swift */ = {isa = PBXFileReference; fileEncoding = 4; lastKnownFileType = sourcecode.swift; path = ImageLoader.swift; sourceTree = "<group>"; };
		6EFD762A2809E1C9004676B6 /* Assets.xcassets */ = {isa = PBXFileReference; lastKnownFileType = folder.assetcatalog; path = Assets.xcassets; sourceTree = "<group>"; };
		6EFD762C2809E1C9004676B6 /* Base */ = {isa = PBXFileReference; lastKnownFileType = file.storyboard; name = Base; path = Base.lproj/LaunchScreen.storyboard; sourceTree = "<group>"; };
		6EFD762D2809E1C9004676B6 /* AppDelegate.swift */ = {isa = PBXFileReference; fileEncoding = 4; lastKnownFileType = sourcecode.swift; path = AppDelegate.swift; sourceTree = "<group>"; };
		6EFD762E2809E1C9004676B6 /* Loadable.swift */ = {isa = PBXFileReference; fileEncoding = 4; lastKnownFileType = sourcecode.swift; path = Loadable.swift; sourceTree = "<group>"; };
		6EFD76302809E1C9004676B6 /* SceneDelegate.swift */ = {isa = PBXFileReference; fileEncoding = 4; lastKnownFileType = sourcecode.swift; path = SceneDelegate.swift; sourceTree = "<group>"; };
/* End PBXFileReference section */

/* Begin PBXFrameworksBuildPhase section */
		6EFD75D02809DFBF004676B6 /* Frameworks */ = {
			isa = PBXFrameworksBuildPhase;
			buildActionMask = 2147483647;
			files = (
			);
			runOnlyForDeploymentPostprocessing = 0;
		};
/* End PBXFrameworksBuildPhase section */

/* Begin PBXGroup section */
		6EFD75CA2809DFBF004676B6 = {
			isa = PBXGroup;
			children = (
				6EFD75D52809DFBF004676B6 /* TangoTestApp */,
				6EFD75D42809DFBF004676B6 /* Products */,
			);
			sourceTree = "<group>";
		};
		6EFD75D42809DFBF004676B6 /* Products */ = {
			isa = PBXGroup;
			children = (
				6EFD75D32809DFBF004676B6 /* TangoTestApp.app */,
			);
			name = Products;
			sourceTree = "<group>";
		};
		6EFD75D52809DFBF004676B6 /* TangoTestApp */ = {
			isa = PBXGroup;
			children = (
				6EFD76182809E1C9004676B6 /* Main */,
				6EFD761F2809E1C9004676B6 /* Networking */,
				6EFD76272809E1C9004676B6 /* Supporting Files */,
				6EFD75E42809DFC1004676B6 /* Info.plist */,
			);
			path = TangoTestApp;
			sourceTree = "<group>";
		};
		6EFD76182809E1C9004676B6 /* Main */ = {
			isa = PBXGroup;
			children = (
				6EFD76192809E1C9004676B6 /* ProductInfoCell */,
				6EFD761C2809E1C9004676B6 /* MainViewController.swift */,
				6EFD761D2809E1C9004676B6 /* MainViewModel.swift */,
				6EFD761E2809E1C9004676B6 /* MainView.swift */,
			);
			path = Main;
			sourceTree = "<group>";
		};
		6EFD76192809E1C9004676B6 /* ProductInfoCell */ = {
			isa = PBXGroup;
			children = (
				6EFD761A2809E1C9004676B6 /* ProductInfoCellViewModel.swift */,
				6EFD761B2809E1C9004676B6 /* ProductInfoCell.swift */,
			);
			path = ProductInfoCell;
			sourceTree = "<group>";
		};
		6EFD761F2809E1C9004676B6 /* Networking */ = {
			isa = PBXGroup;
			children = (
				6EFD76222809E1C9004676B6 /* Models */,
				6EFD76202809E1C9004676B6 /* ApiService.swift */,
				6EFD76212809E1C9004676B6 /* RequestHelpEnums.swift */,
				6EFD76242809E1C9004676B6 /* HTTPClient.swift */,
				6EFD76252809E1C9004676B6 /* ApiEndpoint.swift */,
				6EFD76262809E1C9004676B6 /* Endpoint.swift */,
			);
			path = Networking;
			sourceTree = "<group>";
		};
		6EFD76222809E1C9004676B6 /* Models */ = {
			isa = PBXGroup;
			children = (
				6EFD76232809E1C9004676B6 /* Products.swift */,
			);
			path = Models;
			sourceTree = "<group>";
		};
		6EFD76272809E1C9004676B6 /* Supporting Files */ = {
			isa = PBXGroup;
			children = (
				6EFD76282809E1C9004676B6 /* Anchor+Extension.swift */,
				6EFD76292809E1C9004676B6 /* ImageLoader.swift */,
				6EFD762A2809E1C9004676B6 /* Assets.xcassets */,
				6EFD762B2809E1C9004676B6 /* LaunchScreen.storyboard */,
				6EFD762D2809E1C9004676B6 /* AppDelegate.swift */,
				6EFD762E2809E1C9004676B6 /* Loadable.swift */,
				6EFD76302809E1C9004676B6 /* SceneDelegate.swift */,
				6EB6EA86280A1A7600A1CE58 /* Localizable.strings */,
			);
			path = "Supporting Files";
			sourceTree = "<group>";
		};
/* End PBXGroup section */

/* Begin PBXNativeTarget section */
		6EFD75D22809DFBF004676B6 /* TangoTestApp */ = {
			isa = PBXNativeTarget;
			buildConfigurationList = 6EFD75E72809DFC1004676B6 /* Build configuration list for PBXNativeTarget "TangoTestApp" */;
			buildPhases = (
				6EFD75CF2809DFBF004676B6 /* Sources */,
				6EFD75D02809DFBF004676B6 /* Frameworks */,
				6EFD75D12809DFBF004676B6 /* Resources */,
			);
			buildRules = (
			);
			dependencies = (
			);
			name = TangoTestApp;
			productName = TangoTestApp;
			productReference = 6EFD75D32809DFBF004676B6 /* TangoTestApp.app */;
			productType = "com.apple.product-type.application";
		};
/* End PBXNativeTarget section */

/* Begin PBXProject section */
		6EFD75CB2809DFBF004676B6 /* Project object */ = {
			isa = PBXProject;
			attributes = {
				BuildIndependentTargetsInParallel = 1;
				LastSwiftUpdateCheck = 1330;
				LastUpgradeCheck = 1330;
				TargetAttributes = {
					6EFD75D22809DFBF004676B6 = {
						CreatedOnToolsVersion = 13.3;
					};
				};
			};
			buildConfigurationList = 6EFD75CE2809DFBF004676B6 /* Build configuration list for PBXProject "TangoTestApp" */;
			compatibilityVersion = "Xcode 13.0";
			developmentRegion = en;
			hasScannedForEncodings = 0;
			knownRegions = (
				en,
				Base,
				pl,
			);
			mainGroup = 6EFD75CA2809DFBF004676B6;
			productRefGroup = 6EFD75D42809DFBF004676B6 /* Products */;
			projectDirPath = "";
			projectRoot = "";
			targets = (
				6EFD75D22809DFBF004676B6 /* TangoTestApp */,
			);
		};
/* End PBXProject section */

/* Begin PBXResourcesBuildPhase section */
		6EFD75D12809DFBF004676B6 /* Resources */ = {
			isa = PBXResourcesBuildPhase;
			buildActionMask = 2147483647;
			files = (
				6EFD763E2809E1C9004676B6 /* Assets.xcassets in Resources */,
				6EB6EA84280A1A7600A1CE58 /* Localizable.strings in Resources */,
				6EFD763F2809E1C9004676B6 /* LaunchScreen.storyboard in Resources */,
			);
			runOnlyForDeploymentPostprocessing = 0;
		};
/* End PBXResourcesBuildPhase section */

/* Begin PBXSourcesBuildPhase section */
		6EFD75CF2809DFBF004676B6 /* Sources */ = {
			isa = PBXSourcesBuildPhase;
			buildActionMask = 2147483647;
			files = (
				6EFD763B2809E1C9004676B6 /* Endpoint.swift in Sources */,
				6EFD76342809E1C9004676B6 /* MainViewModel.swift in Sources */,
				6EFD76382809E1C9004676B6 /* Products.swift in Sources */,
				6EFD76392809E1C9004676B6 /* HTTPClient.swift in Sources */,
				6EFD763A2809E1C9004676B6 /* ApiEndpoint.swift in Sources */,
				6EFD76352809E1C9004676B6 /* MainView.swift in Sources */,
				6EFD763D2809E1C9004676B6 /* ImageLoader.swift in Sources */,
				6EFD763C2809E1C9004676B6 /* Anchor+Extension.swift in Sources */,
				6EFD76312809E1C9004676B6 /* ProductInfoCellViewModel.swift in Sources */,
				6EFD76412809E1C9004676B6 /* Loadable.swift in Sources */,
				6EFD76372809E1C9004676B6 /* RequestHelpEnums.swift in Sources */,
				6EFD76362809E1C9004676B6 /* ApiService.swift in Sources */,
				6EFD76332809E1C9004676B6 /* MainViewController.swift in Sources */,
				6EFD76322809E1C9004676B6 /* ProductInfoCell.swift in Sources */,
				6EFD76432809E1C9004676B6 /* SceneDelegate.swift in Sources */,
				6EFD76402809E1C9004676B6 /* AppDelegate.swift in Sources */,
			);
			runOnlyForDeploymentPostprocessing = 0;
		};
/* End PBXSourcesBuildPhase section */

/* Begin PBXVariantGroup section */
		6EB6EA86280A1A7600A1CE58 /* Localizable.strings */ = {
			isa = PBXVariantGroup;
			children = (
				6EB6EA85280A1A7600A1CE58 /* en */,
				6EB6EA87280A1A8400A1CE58 /* pl */,
			);
			name = Localizable.strings;
			sourceTree = "<group>";
		};
		6EFD762B2809E1C9004676B6 /* LaunchScreen.storyboard */ = {
			isa = PBXVariantGroup;
			children = (
				6EFD762C2809E1C9004676B6 /* Base */,
			);
			name = LaunchScreen.storyboard;
			sourceTree = "<group>";
		};
/* End PBXVariantGroup section */

/* Begin XCBuildConfiguration section */
		6EFD75E52809DFC1004676B6 /* Debug */ = {
			isa = XCBuildConfiguration;
			buildSettings = {
				ALWAYS_SEARCH_USER_PATHS = NO;
				CLANG_ANALYZER_LOCALIZABILITY_NONLOCALIZED = YES;
				CLANG_ANALYZER_NONNULL = YES;
				CLANG_ANALYZER_NUMBER_OBJECT_CONVERSION = YES_AGGRESSIVE;
				CLANG_CXX_LANGUAGE_STANDARD = "gnu++17";
				CLANG_ENABLE_MODULES = YES;
				CLANG_ENABLE_OBJC_ARC = YES;
				CLANG_ENABLE_OBJC_WEAK = YES;
				CLANG_WARN_BLOCK_CAPTURE_AUTORELEASING = YES;
				CLANG_WARN_BOOL_CONVERSION = YES;
				CLANG_WARN_COMMA = YES;
				CLANG_WARN_CONSTANT_CONVERSION = YES;
				CLANG_WARN_DEPRECATED_OBJC_IMPLEMENTATIONS = YES;
				CLANG_WARN_DIRECT_OBJC_ISA_USAGE = YES_ERROR;
				CLANG_WARN_DOCUMENTATION_COMMENTS = YES;
				CLANG_WARN_EMPTY_BODY = YES;
				CLANG_WARN_ENUM_CONVERSION = YES;
				CLANG_WARN_INFINITE_RECURSION = YES;
				CLANG_WARN_INT_CONVERSION = YES;
				CLANG_WARN_NON_LITERAL_NULL_CONVERSION = YES;
				CLANG_WARN_OBJC_IMPLICIT_RETAIN_SELF = YES;
				CLANG_WARN_OBJC_LITERAL_CONVERSION = YES;
				CLANG_WARN_OBJC_ROOT_CLASS = YES_ERROR;
				CLANG_WARN_QUOTED_INCLUDE_IN_FRAMEWORK_HEADER = YES;
				CLANG_WARN_RANGE_LOOP_ANALYSIS = YES;
				CLANG_WARN_STRICT_PROTOTYPES = YES;
				CLANG_WARN_SUSPICIOUS_MOVE = YES;
				CLANG_WARN_UNGUARDED_AVAILABILITY = YES_AGGRESSIVE;
				CLANG_WARN_UNREACHABLE_CODE = YES;
				CLANG_WARN__DUPLICATE_METHOD_MATCH = YES;
				COPY_PHASE_STRIP = NO;
				DEBUG_INFORMATION_FORMAT = dwarf;
				ENABLE_STRICT_OBJC_MSGSEND = YES;
				ENABLE_TESTABILITY = YES;
				GCC_C_LANGUAGE_STANDARD = gnu11;
				GCC_DYNAMIC_NO_PIC = NO;
				GCC_NO_COMMON_BLOCKS = YES;
				GCC_OPTIMIZATION_LEVEL = 0;
				GCC_PREPROCESSOR_DEFINITIONS = (
					"DEBUG=1",
					"$(inherited)",
				);
				GCC_WARN_64_TO_32_BIT_CONVERSION = YES;
				GCC_WARN_ABOUT_RETURN_TYPE = YES_ERROR;
				GCC_WARN_UNDECLARED_SELECTOR = YES;
				GCC_WARN_UNINITIALIZED_AUTOS = YES_AGGRESSIVE;
				GCC_WARN_UNUSED_FUNCTION = YES;
				GCC_WARN_UNUSED_VARIABLE = YES;
				IPHONEOS_DEPLOYMENT_TARGET = 15.4;
				MTL_ENABLE_DEBUG_INFO = INCLUDE_SOURCE;
				MTL_FAST_MATH = YES;
				ONLY_ACTIVE_ARCH = YES;
				SDKROOT = iphoneos;
				SWIFT_ACTIVE_COMPILATION_CONDITIONS = DEBUG;
				SWIFT_OPTIMIZATION_LEVEL = "-Onone";
			};
			name = Debug;
		};
		6EFD75E62809DFC1004676B6 /* Release */ = {
			isa = XCBuildConfiguration;
			buildSettings = {
				ALWAYS_SEARCH_USER_PATHS = NO;
				CLANG_ANALYZER_LOCALIZABILITY_NONLOCALIZED = YES;
				CLANG_ANALYZER_NONNULL = YES;
				CLANG_ANALYZER_NUMBER_OBJECT_CONVERSION = YES_AGGRESSIVE;
				CLANG_CXX_LANGUAGE_STANDARD = "gnu++17";
				CLANG_ENABLE_MODULES = YES;
				CLANG_ENABLE_OBJC_ARC = YES;
				CLANG_ENABLE_OBJC_WEAK = YES;
				CLANG_WARN_BLOCK_CAPTURE_AUTORELEASING = YES;
				CLANG_WARN_BOOL_CONVERSION = YES;
				CLANG_WARN_COMMA = YES;
				CLANG_WARN_CONSTANT_CONVERSION = YES;
				CLANG_WARN_DEPRECATED_OBJC_IMPLEMENTATIONS = YES;
				CLANG_WARN_DIRECT_OBJC_ISA_USAGE = YES_ERROR;
				CLANG_WARN_DOCUMENTATION_COMMENTS = YES;
				CLANG_WARN_EMPTY_BODY = YES;
				CLANG_WARN_ENUM_CONVERSION = YES;
				CLANG_WARN_INFINITE_RECURSION = YES;
				CLANG_WARN_INT_CONVERSION = YES;
				CLANG_WARN_NON_LITERAL_NULL_CONVERSION = YES;
				CLANG_WARN_OBJC_IMPLICIT_RETAIN_SELF = YES;
				CLANG_WARN_OBJC_LITERAL_CONVERSION = YES;
				CLANG_WARN_OBJC_ROOT_CLASS = YES_ERROR;
				CLANG_WARN_QUOTED_INCLUDE_IN_FRAMEWORK_HEADER = YES;
				CLANG_WARN_RANGE_LOOP_ANALYSIS = YES;
				CLANG_WARN_STRICT_PROTOTYPES = YES;
				CLANG_WARN_SUSPICIOUS_MOVE = YES;
				CLANG_WARN_UNGUARDED_AVAILABILITY = YES_AGGRESSIVE;
				CLANG_WARN_UNREACHABLE_CODE = YES;
				CLANG_WARN__DUPLICATE_METHOD_MATCH = YES;
				COPY_PHASE_STRIP = NO;
				DEBUG_INFORMATION_FORMAT = "dwarf-with-dsym";
				ENABLE_NS_ASSERTIONS = NO;
				ENABLE_STRICT_OBJC_MSGSEND = YES;
				GCC_C_LANGUAGE_STANDARD = gnu11;
				GCC_NO_COMMON_BLOCKS = YES;
				GCC_WARN_64_TO_32_BIT_CONVERSION = YES;
				GCC_WARN_ABOUT_RETURN_TYPE = YES_ERROR;
				GCC_WARN_UNDECLARED_SELECTOR = YES;
				GCC_WARN_UNINITIALIZED_AUTOS = YES_AGGRESSIVE;
				GCC_WARN_UNUSED_FUNCTION = YES;
				GCC_WARN_UNUSED_VARIABLE = YES;
				IPHONEOS_DEPLOYMENT_TARGET = 15.4;
				MTL_ENABLE_DEBUG_INFO = NO;
				MTL_FAST_MATH = YES;
				SDKROOT = iphoneos;
				SWIFT_COMPILATION_MODE = wholemodule;
				SWIFT_OPTIMIZATION_LEVEL = "-O";
				VALIDATE_PRODUCT = YES;
			};
			name = Release;
		};
		6EFD75E82809DFC1004676B6 /* Debug */ = {
			isa = XCBuildConfiguration;
			buildSettings = {
				ASSETCATALOG_COMPILER_APPICON_NAME = AppIcon;
				ASSETCATALOG_COMPILER_GLOBAL_ACCENT_COLOR_NAME = AccentColor;
				CODE_SIGN_STYLE = Automatic;
				CURRENT_PROJECT_VERSION = 1;
				DEVELOPMENT_TEAM = 86R6TV7GW4;
				GENERATE_INFOPLIST_FILE = YES;
				INFOPLIST_FILE = TangoTestApp/Info.plist;
				INFOPLIST_KEY_UIApplicationSupportsIndirectInputEvents = YES;
				INFOPLIST_KEY_UILaunchStoryboardName = LaunchScreen;
				INFOPLIST_KEY_UISupportedInterfaceOrientations_iPad = "UIInterfaceOrientationPortrait UIInterfaceOrientationPortraitUpsideDown UIInterfaceOrientationLandscapeLeft UIInterfaceOrientationLandscapeRight";
				INFOPLIST_KEY_UISupportedInterfaceOrientations_iPhone = "UIInterfaceOrientationPortrait UIInterfaceOrientationLandscapeLeft UIInterfaceOrientationLandscapeRight";
				LD_RUNPATH_SEARCH_PATHS = (
					"$(inherited)",
					"@executable_path/Frameworks",
				);
				MARKETING_VERSION = 1.0;
				PRODUCT_BUNDLE_IDENTIFIER = com.okzhetpes.TangoTestApp;
				PRODUCT_NAME = "$(TARGET_NAME)";
				SWIFT_EMIT_LOC_STRINGS = YES;
				SWIFT_VERSION = 5.0;
				TARGETED_DEVICE_FAMILY = "1,2";
			};
			name = Debug;
		};
		6EFD75E92809DFC1004676B6 /* Release */ = {
			isa = XCBuildConfiguration;
			buildSettings = {
				ASSETCATALOG_COMPILER_APPICON_NAME = AppIcon;
				ASSETCATALOG_COMPILER_GLOBAL_ACCENT_COLOR_NAME = AccentColor;
				CODE_SIGN_STYLE = Automatic;
				CURRENT_PROJECT_VERSION = 1;
				DEVELOPMENT_TEAM = 86R6TV7GW4;
				GENERATE_INFOPLIST_FILE = YES;
				INFOPLIST_FILE = TangoTestApp/Info.plist;
				INFOPLIST_KEY_UIApplicationSupportsIndirectInputEvents = YES;
				INFOPLIST_KEY_UILaunchStoryboardName = LaunchScreen;
				INFOPLIST_KEY_UISupportedInterfaceOrientations_iPad = "UIInterfaceOrientationPortrait UIInterfaceOrientationPortraitUpsideDown UIInterfaceOrientationLandscapeLeft UIInterfaceOrientationLandscapeRight";
				INFOPLIST_KEY_UISupportedInterfaceOrientations_iPhone = "UIInterfaceOrientationPortrait UIInterfaceOrientationLandscapeLeft UIInterfaceOrientationLandscapeRight";
				LD_RUNPATH_SEARCH_PATHS = (
					"$(inherited)",
					"@executable_path/Frameworks",
				);
				MARKETING_VERSION = 1.0;
				PRODUCT_BUNDLE_IDENTIFIER = com.okzhetpes.TangoTestApp;
				PRODUCT_NAME = "$(TARGET_NAME)";
				SWIFT_EMIT_LOC_STRINGS = YES;
				SWIFT_VERSION = 5.0;
				TARGETED_DEVICE_FAMILY = "1,2";
			};
			name = Release;
		};
/* End XCBuildConfiguration section */

/* Begin XCConfigurationList section */
		6EFD75CE2809DFBF004676B6 /* Build configuration list for PBXProject "TangoTestApp" */ = {
			isa = XCConfigurationList;
			buildConfigurations = (
				6EFD75E52809DFC1004676B6 /* Debug */,
				6EFD75E62809DFC1004676B6 /* Release */,
			);
			defaultConfigurationIsVisible = 0;
			defaultConfigurationName = Release;
		};
		6EFD75E72809DFC1004676B6 /* Build configuration list for PBXNativeTarget "TangoTestApp" */ = {
			isa = XCConfigurationList;
			buildConfigurations = (
				6EFD75E82809DFC1004676B6 /* Debug */,
				6EFD75E92809DFC1004676B6 /* Release */,
			);
			defaultConfigurationIsVisible = 0;
			defaultConfigurationName = Release;
		};
/* End XCConfigurationList section */
	};
	rootObject = 6EFD75CB2809DFBF004676B6 /* Project object */;
}
